
Microsoft Visual Studio Solution File, Format Version 12.00
# Visual Studio Version 16
VisualStudioVersion = 16.0.30413.136
MinimumVisualStudioVersion = 10.0.40219.1
Project("{9A19103F-16F7-4668-BE54-9A1E7A4F7556}") = "MultiplayerSolitaireGame", "MultiplayerSolitaireGame\MultiplayerSolitaireGame.csproj", "{0FF08F14-DD10-4698-8D48-6B31608FA01F}"
EndProject
Project("{9A19103F-16F7-4668-BE54-9A1E7A4F7556}") = "WebCardGame", "WebMultiplayerSolitaire\WebCardGame.csproj", "{A576E52A-BE3B-4F03-82CB-D21F634FBAA6}"
EndProject
Project("{9A19103F-16F7-4668-BE54-9A1E7A4F7556}") = "ConsoleCardGame", "ConsoleCardGame\ConsoleCardGame.csproj", "{E214913B-CEB5-4B89-ADFD-DC7394183C1A}"
EndProject
Project("{9A19103F-16F7-4668-BE54-9A1E7A4F7556}") = "WebConsoleLauncher", "WebConsoleLauncher\WebConsoleLauncher.csproj", "{2534AFF9-C51A-4290-BAB8-C6B410F96965}"
EndProject
Project("{9A19103F-16F7-4668-BE54-9A1E7A4F7556}") = "WebGUILauncher", "WebGUILauncher\WebGUILauncher.csproj", "{4E4F5A8F-0547-437F-94E8-754A8CD252D7}"
EndProject
Project("{FAE04EC0-301F-11D3-BF4B-00C04F79EFBC}") = "GameDealer", "GameDealer\GameDealer.csproj", "{3F4811EB-4A9A-4CFF-B411-485F974C432F}"
EndProject
Global
	GlobalSection(SolutionConfigurationPlatforms) = preSolution
		Debug|Any CPU = Debug|Any CPU
		Release|Any CPU = Release|Any CPU
	EndGlobalSection
	GlobalSection(ProjectConfigurationPlatforms) = postSolution
		{0FF08F14-DD10-4698-8D48-6B31608FA01F}.Debug|Any CPU.ActiveCfg = Debug|Any CPU
		{0FF08F14-DD10-4698-8D48-6B31608FA01F}.Debug|Any CPU.Build.0 = Debug|Any CPU
		{0FF08F14-DD10-4698-8D48-6B31608FA01F}.Release|Any CPU.ActiveCfg = Release|Any CPU
		{0FF08F14-DD10-4698-8D48-6B31608FA01F}.Release|Any CPU.Build.0 = Release|Any CPU
		{A576E52A-BE3B-4F03-82CB-D21F634FBAA6}.Debug|Any CPU.ActiveCfg = Debug|Any CPU
		{A576E52A-BE3B-4F03-82CB-D21F634FBAA6}.Debug|Any CPU.Build.0 = Debug|Any CPU
		{A576E52A-BE3B-4F03-82CB-D21F634FBAA6}.Release|Any CPU.ActiveCfg = Release|Any CPU
		{A576E52A-BE3B-4F03-82CB-D21F634FBAA6}.Release|Any CPU.Build.0 = Release|Any CPU
		{E214913B-CEB5-4B89-ADFD-DC7394183C1A}.Debug|Any CPU.ActiveCfg = Debug|Any CPU
		{E214913B-CEB5-4B89-ADFD-DC7394183C1A}.Debug|Any CPU.Build.0 = Debug|Any CPU
		{E214913B-CEB5-4B89-ADFD-DC7394183C1A}.Release|Any CPU.ActiveCfg = Release|Any CPU
		{2534AFF9-C51A-4290-BAB8-C6B410F96965}.Debug|Any CPU.ActiveCfg = Debug|Any CPU
		{2534AFF9-C51A-4290-BAB8-C6B410F96965}.Debug|Any CPU.Build.0 = Debug|Any CPU
		{2534AFF9-C51A-4290-BAB8-C6B410F96965}.Release|Any CPU.ActiveCfg = Release|Any CPU
		{2534AFF9-C51A-4290-BAB8-C6B410F96965}.Release|Any CPU.Build.0 = Release|Any CPU
		{4E4F5A8F-0547-437F-94E8-754A8CD252D7}.Debug|Any CPU.ActiveCfg = Debug|Any CPU
		{4E4F5A8F-0547-437F-94E8-754A8CD252D7}.Debug|Any CPU.Build.0 = Debug|Any CPU
		{4E4F5A8F-0547-437F-94E8-754A8CD252D7}.Release|Any CPU.ActiveCfg = Release|Any CPU
		{4E4F5A8F-0547-437F-94E8-754A8CD252D7}.Release|Any CPU.Build.0 = Release|Any CPU
		{3F4811EB-4A9A-4CFF-B411-485F974C432F}.Debug|Any CPU.ActiveCfg = Debug|Any CPU
		{3F4811EB-4A9A-4CFF-B411-485F974C432F}.Debug|Any CPU.Build.0 = Debug|Any CPU
		{3F4811EB-4A9A-4CFF-B411-485F974C432F}.Release|Any CPU.ActiveCfg = Release|Any CPU
		{3F4811EB-4A9A-4CFF-B411-485F974C432F}.Release|Any CPU.Build.0 = Release|Any CPU
	EndGlobalSection
	GlobalSection(SolutionProperties) = preSolution
		HideSolutionNode = FALSE
	EndGlobalSection
	GlobalSection(ExtensibilityGlobals) = postSolution
		SolutionGuid = {DAEA5D6B-82A5-4C8F-B834-D5933E114CC2}
	EndGlobalSection
EndGlobal
